{
  "requires": true,
  "lockfileVersion": 1,
  "dependencies": {
    "primeng": {
      "version": "5.2.7",
      "resolved": "https://registry.npmjs.org/primeng/-/primeng-5.2.7.tgz",
      "integrity": "sha512-7TyD4zEhG00LK2oJRl8rhBpLD/3HUhc2Yicj0G/H2xQGw7CP8Kx9dUBStQ2ebOhlV6o8GHB5hAXI/fISG6ocpw=="
    }
  }
}
